
Microsoft Visual Studio Solution File, Format Version 12.00
# Visual Studio Version 17
VisualStudioVersion = 17.9.34714.143
MinimumVisualStudioVersion = 10.0.40219.1
Project("{FAE04EC0-301F-11D3-BF4B-00C04F79EFBC}") = "onlineRetail", "onlineRetail\onlineRetail.csproj", "{6C810C84-CACD-4C3B-B130-BDC064295979}"
EndProject
Global
	GlobalSection(SolutionConfigurationPlatforms) = preSolution
		Debug|Any CPU = Debug|Any CPU
		Release|Any CPU = Release|Any CPU
	EndGlobalSection
	GlobalSection(ProjectConfigurationPlatforms) = postSolution
		{6C810C84-CACD-4C3B-B130-BDC064295979}.Debug|Any CPU.ActiveCfg = Debug|Any CPU
		{6C810C84-CACD-4C3B-B130-BDC064295979}.Debug|Any CPU.Build.0 = Debug|Any CPU
		{6C810C84-CACD-4C3B-B130-BDC064295979}.Release|Any CPU.ActiveCfg = Release|Any CPU
		{6C810C84-CACD-4C3B-B130-BDC064295979}.Release|Any CPU.Build.0 = Release|Any CPU
	EndGlobalSection
	GlobalSection(SolutionProperties) = preSolution
		HideSolutionNode = FALSE
	EndGlobalSection
	GlobalSection(ExtensibilityGlobals) = postSolution
		SolutionGuid = {60338CF5-7BE3-468D-A0FF-A19660967BFF}
	EndGlobalSection
EndGlobal
